
Microsoft Visual Studio Solution File, Format Version 12.00
# Visual Studio Version 17
VisualStudioVersion = 17.8.34330.188
MinimumVisualStudioVersion = 10.0.40219.1
Project("{9A19103F-16F7-4668-BE54-9A1E7A4F7556}") = "BusinessObject", "BusinessObject\BusinessObject.csproj", "{A0958A58-A6BA-43DB-A4EB-443D00173271}"
EndProject
Project("{FAE04EC0-301F-11D3-BF4B-00C04F79EFBC}") = "Web_API_OPMS", "Web_API_OPMS\Web_API_OPMS.csproj", "{727414F2-94F0-47CA-941C-698EBBB6E94B}"
EndProject
Project("{FAE04EC0-301F-11D3-BF4B-00C04F79EFBC}") = "DataAccess", "DataAccess\DataAccess.csproj", "{39C574BD-5985-4611-B83B-9E631721B7AD}"
EndProject
Project("{FAE04EC0-301F-11D3-BF4B-00C04F79EFBC}") = "Repositories", "Repositories\Repositories.csproj", "{6A5A5831-19D7-4AD2-B651-C57323D26C54}"
EndProject
Global
	GlobalSection(SolutionConfigurationPlatforms) = preSolution
		Debug|Any CPU = Debug|Any CPU
		Release|Any CPU = Release|Any CPU
	EndGlobalSection
	GlobalSection(ProjectConfigurationPlatforms) = postSolution
		{A0958A58-A6BA-43DB-A4EB-443D00173271}.Debug|Any CPU.ActiveCfg = Debug|Any CPU
		{A0958A58-A6BA-43DB-A4EB-443D00173271}.Debug|Any CPU.Build.0 = Debug|Any CPU
		{A0958A58-A6BA-43DB-A4EB-443D00173271}.Release|Any CPU.ActiveCfg = Release|Any CPU
		{A0958A58-A6BA-43DB-A4EB-443D00173271}.Release|Any CPU.Build.0 = Release|Any CPU
		{727414F2-94F0-47CA-941C-698EBBB6E94B}.Debug|Any CPU.ActiveCfg = Debug|Any CPU
		{727414F2-94F0-47CA-941C-698EBBB6E94B}.Debug|Any CPU.Build.0 = Debug|Any CPU
		{727414F2-94F0-47CA-941C-698EBBB6E94B}.Release|Any CPU.ActiveCfg = Release|Any CPU
		{727414F2-94F0-47CA-941C-698EBBB6E94B}.Release|Any CPU.Build.0 = Release|Any CPU
		{39C574BD-5985-4611-B83B-9E631721B7AD}.Debug|Any CPU.ActiveCfg = Debug|Any CPU
		{39C574BD-5985-4611-B83B-9E631721B7AD}.Debug|Any CPU.Build.0 = Debug|Any CPU
		{39C574BD-5985-4611-B83B-9E631721B7AD}.Release|Any CPU.ActiveCfg = Release|Any CPU
		{39C574BD-5985-4611-B83B-9E631721B7AD}.Release|Any CPU.Build.0 = Release|Any CPU
		{6A5A5831-19D7-4AD2-B651-C57323D26C54}.Debug|Any CPU.ActiveCfg = Debug|Any CPU
		{6A5A5831-19D7-4AD2-B651-C57323D26C54}.Debug|Any CPU.Build.0 = Debug|Any CPU
		{6A5A5831-19D7-4AD2-B651-C57323D26C54}.Release|Any CPU.ActiveCfg = Release|Any CPU
		{6A5A5831-19D7-4AD2-B651-C57323D26C54}.Release|Any CPU.Build.0 = Release|Any CPU
	EndGlobalSection
	GlobalSection(SolutionProperties) = preSolution
		HideSolutionNode = FALSE
	EndGlobalSection
	GlobalSection(ExtensibilityGlobals) = postSolution
		SolutionGuid = {678AD981-1039-4051-8F69-2DDEB121EFAD}
	EndGlobalSection
EndGlobal
